
Microsoft Visual Studio Solution File, Format Version 12.00
# Visual Studio Version 17
VisualStudioVersion = 17.4.33122.133
MinimumVisualStudioVersion = 10.0.40219.1
Project("{FAE04EC0-301F-11D3-BF4B-00C04F79EFBC}") = "Forca.WinForms", "Forca.WinForms\Forca.WinForms.csproj", "{FB20DF5B-83C6-421D-94EB-EF26A86DC7AB}"
EndProject
Global
	GlobalSection(SolutionConfigurationPlatforms) = preSolution
		Debug|Any CPU = Debug|Any CPU
		Release|Any CPU = Release|Any CPU
	EndGlobalSection
	GlobalSection(ProjectConfigurationPlatforms) = postSolution
		{FB20DF5B-83C6-421D-94EB-EF26A86DC7AB}.Debug|Any CPU.ActiveCfg = Debug|Any CPU
		{FB20DF5B-83C6-421D-94EB-EF26A86DC7AB}.Debug|Any CPU.Build.0 = Debug|Any CPU
		{FB20DF5B-83C6-421D-94EB-EF26A86DC7AB}.Release|Any CPU.ActiveCfg = Release|Any CPU
		{FB20DF5B-83C6-421D-94EB-EF26A86DC7AB}.Release|Any CPU.Build.0 = Release|Any CPU
	EndGlobalSection
	GlobalSection(SolutionProperties) = preSolution
		HideSolutionNode = FALSE
	EndGlobalSection
	GlobalSection(ExtensibilityGlobals) = postSolution
		SolutionGuid = {52C4DE1A-1C28-45F4-AE34-87938BA6551B}
	EndGlobalSection
EndGlobal
